
Microsoft Visual Studio Solution File, Format Version 10.00
# Visual Studio 2008
Project("{FAE04EC0-301F-11D3-BF4B-00C04F79EFBC}") = "Open.MOF.Messaging", "Open.MOF.Messaging\Open.MOF.Messaging.csproj", "{9750443B-DDB6-4A67-9470-37109B5C47D6}"
EndProject
Project("{FAE04EC0-301F-11D3-BF4B-00C04F79EFBC}") = "Open.MOF.BizTalk", "Open.MOF.BizTalk\Open.MOF.BizTalk.csproj", "{132B49C2-5569-421A-BB75-8D4F0A798B2F}"
EndProject
Project("{FAE04EC0-301F-11D3-BF4B-00C04F79EFBC}") = "Open.MOF.Messaging.Test", "Open.MOF.Messaging.Test\Open.MOF.Messaging.Test.csproj", "{F25E0EE1-CDDF-4293-94E4-D8DC81FFD172}"
EndProject
Project("{2150E333-8FDC-42A3-9474-1A3956D46DE8}") = "Solution Items", "Solution Items", "{63E3A6C4-11F4-49FC-BC66-A81BB60A49CA}"
	ProjectSection(SolutionItems) = preProject
		btsschema_svcutil.bat = btsschema_svcutil.bat
		LocalTestRun.testrunconfig = LocalTestRun.testrunconfig
		MofobSolution.vsmdi = MofobSolution.vsmdi
		runsvcutil.bat = runsvcutil.bat
	EndProjectSection
EndProject
Project("{FAE04EC0-301F-11D3-BF4B-00C04F79EFBC}") = "Open.MOF.BizTalk.Test", "Open.MOF.BizTalk.Test\Open.MOF.BizTalk.Test.csproj", "{1483C606-3428-40C9-9F1B-D0299DDAB2C9}"
EndProject
Project("{FAE04EC0-301F-11D3-BF4B-00C04F79EFBC}") = "Open.MOF.SchemaReferenceUtil", "Open.MOF.SchemaReferenceUtil\Open.MOF.SchemaReferenceUtil.csproj", "{2C0C2DBC-52E1-472A-A426-E576F253DA23}"
EndProject
Project("{FAE04EC0-301F-11D3-BF4B-00C04F79EFBC}") = "Open.MOF.Messaging.Configuration", "Open.MOF.Messaging.Configuration\Open.MOF.Messaging.Configuration.csproj", "{2167C1EE-724A-4C33-A05B-F973624336AB}"
EndProject
Project("{FAE04EC0-301F-11D3-BF4B-00C04F79EFBC}") = "Open.MOF.Messaging.Services", "Open.MOF.Messaging.Services\Open.MOF.Messaging.Services.csproj", "{1C8118FB-D210-4528-B215-0A10AFAF4AF6}"
EndProject
Global
	GlobalSection(TeamFoundationVersionControl) = preSolution
		SccNumberOfProjects = 8
		SccEnterpriseProvider = {4CA58AB2-18FA-4F8D-95D4-32DDF27D184C}
		SccTeamFoundationServer = https://tfs08.codeplex.com/
		SccLocalPath0 = .
		SccProjectUniqueName1 = Open.MOF.Messaging\\Open.MOF.Messaging.csproj
		SccProjectName1 = Open.MOF.Messaging
		SccLocalPath1 = Open.MOF.Messaging
		SccProjectUniqueName2 = Open.MOF.BizTalk\\Open.MOF.BizTalk.csproj
		SccProjectName2 = Open.MOF.BizTalk
		SccLocalPath2 = Open.MOF.BizTalk
		SccProjectUniqueName3 = Open.MOF.Messaging.Test\\Open.MOF.Messaging.Test.csproj
		SccProjectName3 = Open.MOF.Messaging.Test
		SccLocalPath3 = Open.MOF.Messaging.Test
		SccProjectUniqueName4 = Open.MOF.BizTalk.Test\\Open.MOF.BizTalk.Test.csproj
		SccProjectName4 = Open.MOF.BizTalk.Test
		SccLocalPath4 = Open.MOF.BizTalk.Test
		SccProjectUniqueName5 = Open.MOF.SchemaReferenceUtil\\Open.MOF.SchemaReferenceUtil.csproj
		SccProjectName5 = Open.MOF.SchemaReferenceUtil
		SccLocalPath5 = Open.MOF.SchemaReferenceUtil
		SccProjectUniqueName6 = Open.MOF.Messaging.Configuration\\Open.MOF.Messaging.Configuration.csproj
		SccProjectName6 = Open.MOF.Messaging.Configuration
		SccLocalPath6 = Open.MOF.Messaging.Configuration
		SccProjectUniqueName7 = Open.MOF.Messaging.Services\\Open.MOF.Messaging.Services.csproj
		SccProjectName7 = Open.MOF.Messaging.Services
		SccLocalPath7 = Open.MOF.Messaging.Services
	EndGlobalSection
	GlobalSection(TestCaseManagementSettings) = postSolution
		CategoryFile = MofobSolution.vsmdi
	EndGlobalSection
	GlobalSection(SolutionConfigurationPlatforms) = preSolution
		Debug|Any CPU = Debug|Any CPU
		Release|Any CPU = Release|Any CPU
	EndGlobalSection
	GlobalSection(ProjectConfigurationPlatforms) = postSolution
		{9750443B-DDB6-4A67-9470-37109B5C47D6}.Debug|Any CPU.ActiveCfg = Debug|Any CPU
		{9750443B-DDB6-4A67-9470-37109B5C47D6}.Debug|Any CPU.Build.0 = Debug|Any CPU
		{9750443B-DDB6-4A67-9470-37109B5C47D6}.Release|Any CPU.ActiveCfg = Release|Any CPU
		{9750443B-DDB6-4A67-9470-37109B5C47D6}.Release|Any CPU.Build.0 = Release|Any CPU
		{132B49C2-5569-421A-BB75-8D4F0A798B2F}.Debug|Any CPU.ActiveCfg = Debug|Any CPU
		{132B49C2-5569-421A-BB75-8D4F0A798B2F}.Debug|Any CPU.Build.0 = Debug|Any CPU
		{132B49C2-5569-421A-BB75-8D4F0A798B2F}.Release|Any CPU.ActiveCfg = Release|Any CPU
		{132B49C2-5569-421A-BB75-8D4F0A798B2F}.Release|Any CPU.Build.0 = Release|Any CPU
		{F25E0EE1-CDDF-4293-94E4-D8DC81FFD172}.Debug|Any CPU.ActiveCfg = Debug|Any CPU
		{F25E0EE1-CDDF-4293-94E4-D8DC81FFD172}.Debug|Any CPU.Build.0 = Debug|Any CPU
		{F25E0EE1-CDDF-4293-94E4-D8DC81FFD172}.Release|Any CPU.ActiveCfg = Release|Any CPU
		{F25E0EE1-CDDF-4293-94E4-D8DC81FFD172}.Release|Any CPU.Build.0 = Release|Any CPU
		{1483C606-3428-40C9-9F1B-D0299DDAB2C9}.Debug|Any CPU.ActiveCfg = Debug|Any CPU
		{1483C606-3428-40C9-9F1B-D0299DDAB2C9}.Debug|Any CPU.Build.0 = Debug|Any CPU
		{1483C606-3428-40C9-9F1B-D0299DDAB2C9}.Release|Any CPU.ActiveCfg = Release|Any CPU
		{1483C606-3428-40C9-9F1B-D0299DDAB2C9}.Release|Any CPU.Build.0 = Release|Any CPU
		{2C0C2DBC-52E1-472A-A426-E576F253DA23}.Debug|Any CPU.ActiveCfg = Debug|Any CPU
		{2C0C2DBC-52E1-472A-A426-E576F253DA23}.Debug|Any CPU.Build.0 = Debug|Any CPU
		{2C0C2DBC-52E1-472A-A426-E576F253DA23}.Release|Any CPU.ActiveCfg = Release|Any CPU
		{2C0C2DBC-52E1-472A-A426-E576F253DA23}.Release|Any CPU.Build.0 = Release|Any CPU
		{2167C1EE-724A-4C33-A05B-F973624336AB}.Debug|Any CPU.ActiveCfg = Debug|Any CPU
		{2167C1EE-724A-4C33-A05B-F973624336AB}.Debug|Any CPU.Build.0 = Debug|Any CPU
		{2167C1EE-724A-4C33-A05B-F973624336AB}.Release|Any CPU.ActiveCfg = Release|Any CPU
		{2167C1EE-724A-4C33-A05B-F973624336AB}.Release|Any CPU.Build.0 = Release|Any CPU
		{1C8118FB-D210-4528-B215-0A10AFAF4AF6}.Debug|Any CPU.ActiveCfg = Debug|Any CPU
		{1C8118FB-D210-4528-B215-0A10AFAF4AF6}.Debug|Any CPU.Build.0 = Debug|Any CPU
		{1C8118FB-D210-4528-B215-0A10AFAF4AF6}.Release|Any CPU.ActiveCfg = Release|Any CPU
		{1C8118FB-D210-4528-B215-0A10AFAF4AF6}.Release|Any CPU.Build.0 = Release|Any CPU
	EndGlobalSection
	GlobalSection(SolutionProperties) = preSolution
		HideSolutionNode = FALSE
	EndGlobalSection
EndGlobal
